
Microsoft Visual Studio Solution File, Format Version 12.00
# Visual Studio 14
VisualStudioVersion = 14.0.23107.0
MinimumVisualStudioVersion = 10.0.40219.1
Project("{FAE04EC0-301F-11D3-BF4B-00C04F79EFBC}") = "MasterView", "MasterView\MasterView.csproj", "{F21AAB8F-74A5-4C2A-9F35-FFD655A290B8}"
EndProject
Global
	GlobalSection(SolutionConfigurationPlatforms) = preSolution
		Debug|Any CPU = Debug|Any CPU
		Release|Any CPU = Release|Any CPU
	EndGlobalSection
	GlobalSection(ProjectConfigurationPlatforms) = postSolution
		{F21AAB8F-74A5-4C2A-9F35-FFD655A290B8}.Debug|Any CPU.ActiveCfg = Debug|Any CPU
		{F21AAB8F-74A5-4C2A-9F35-FFD655A290B8}.Debug|Any CPU.Build.0 = Debug|Any CPU
		{F21AAB8F-74A5-4C2A-9F35-FFD655A290B8}.Release|Any CPU.ActiveCfg = Release|Any CPU
		{F21AAB8F-74A5-4C2A-9F35-FFD655A290B8}.Release|Any CPU.Build.0 = Release|Any CPU
	EndGlobalSection
	GlobalSection(SolutionProperties) = preSolution
		HideSolutionNode = FALSE
	EndGlobalSection
EndGlobal
